
Microsoft Visual Studio Solution File, Format Version 11.00
# Visual Studio 2010
Project("{FAE04EC0-301F-11D3-BF4B-00C04F79EFBC}") = "Assembly-CSharp", "Assembly-CSharp.csproj", "{c38bb31a-deee-ea77-f2c8-66cd0fe2ae56}"
EndProject
Project("{FAE04EC0-301F-11D3-BF4B-00C04F79EFBC}") = "Assembly-CSharp-Editor", "Assembly-CSharp-Editor.csproj", "{8db45c2c-d7df-d0a1-f205-6b1ae7197820}"
EndProject
Global
	GlobalSection(SolutionConfigurationPlatforms) = preSolution
		Debug|Any CPU = Debug|Any CPU
	EndGlobalSection
	GlobalSection(ProjectConfigurationPlatforms) = postSolution
		{c38bb31a-deee-ea77-f2c8-66cd0fe2ae56}.Debug|Any CPU.ActiveCfg = Debug|Any CPU
		{c38bb31a-deee-ea77-f2c8-66cd0fe2ae56}.Debug|Any CPU.Build.0 = Debug|Any CPU
		{8db45c2c-d7df-d0a1-f205-6b1ae7197820}.Debug|Any CPU.ActiveCfg = Debug|Any CPU
		{8db45c2c-d7df-d0a1-f205-6b1ae7197820}.Debug|Any CPU.Build.0 = Debug|Any CPU
	EndGlobalSection
	GlobalSection(SolutionProperties) = preSolution
		HideSolutionNode = FALSE
	EndGlobalSection
EndGlobal
